// !$*UTF8*$!
{
	archiveVersion = 1;
	classes = {
	};
	objectVersion = 56;
	objects = {

/* Begin PBXBuildFile section */
		FC28ACFD29380B4F0048BB5D /* Todo_NewTask.swift in Sources */ = {isa = PBXBuildFile; fileRef = FC28ACFC29380B4F0048BB5D /* Todo_NewTask.swift */; };
		FC28AD43293C1BD50048BB5D /* Todo_TaskDetailView.swift in Sources */ = {isa = PBXBuildFile; fileRef = FC28AD42293C1BD50048BB5D /* Todo_TaskDetailView.swift */; };
		FC7218E4293689C800EBE57A /* RemindYouApp.swift in Sources */ = {isa = PBXBuildFile; fileRef = FC7218E3293689C800EBE57A /* RemindYouApp.swift */; };
		FC7218E6293689C800EBE57A /* ContentView.swift in Sources */ = {isa = PBXBuildFile; fileRef = FC7218E5293689C800EBE57A /* ContentView.swift */; };
		FC7218E8293689CA00EBE57A /* Assets.xcassets in Resources */ = {isa = PBXBuildFile; fileRef = FC7218E7293689CA00EBE57A /* Assets.xcassets */; };
		FC7218EB293689CA00EBE57A /* Preview Assets.xcassets in Resources */ = {isa = PBXBuildFile; fileRef = FC7218EA293689CA00EBE57A /* Preview Assets.xcassets */; };
		FC7218ED293689CA00EBE57A /* Persistence.swift in Sources */ = {isa = PBXBuildFile; fileRef = FC7218EC293689CA00EBE57A /* Persistence.swift */; };
		FC7218F0293689CA00EBE57A /* RemindYou.xcdatamodeld in Sources */ = {isa = PBXBuildFile; fileRef = FC7218EE293689CA00EBE57A /* RemindYou.xcdatamodeld */; };
		FC7218FA29368BB100EBE57A /* Todo.swift in Sources */ = {isa = PBXBuildFile; fileRef = FC7218F929368BB100EBE57A /* Todo.swift */; };
		FC7218FC29368C3500EBE57A /* TabbarView.swift in Sources */ = {isa = PBXBuildFile; fileRef = FC7218FB29368C3500EBE57A /* TabbarView.swift */; };
		FC7218FE29368D1C00EBE57A /* Calendar.swift in Sources */ = {isa = PBXBuildFile; fileRef = FC7218FD29368D1C00EBE57A /* Calendar.swift */; };
		FC72190029368DA100EBE57A /* LandingViewModel.swift in Sources */ = {isa = PBXBuildFile; fileRef = FC7218FF29368DA100EBE57A /* LandingViewModel.swift */; };
		FC72190229368E0700EBE57A /* TaskList.swift in Sources */ = {isa = PBXBuildFile; fileRef = FC72190129368E0700EBE57A /* TaskList.swift */; };
		FC7219042936904000EBE57A /* CategoryModel.swift in Sources */ = {isa = PBXBuildFile; fileRef = FC7219032936904000EBE57A /* CategoryModel.swift */; };
		FC721906293690E900EBE57A /* CoreDataManager.swift in Sources */ = {isa = PBXBuildFile; fileRef = FC721905293690E900EBE57A /* CoreDataManager.swift */; };
		FC7B466D293DC3C400618EA4 /* Calendar_Page.swift in Sources */ = {isa = PBXBuildFile; fileRef = FC7B466C293DC3C400618EA4 /* Calendar_Page.swift */; };
		FC7B466F293DC40400618EA4 /* CalendarPageViewModel.swift in Sources */ = {isa = PBXBuildFile; fileRef = FC7B466E293DC40400618EA4 /* CalendarPageViewModel.swift */; };
		FC7B4672293DC47D00618EA4 /* PageManager.swift in Sources */ = {isa = PBXBuildFile; fileRef = FC7B4671293DC47D00618EA4 /* PageManager.swift */; };
		FC7B4675293DC69300618EA4 /* Date.swift in Sources */ = {isa = PBXBuildFile; fileRef = FC7B4674293DC69300618EA4 /* Date.swift */; };
		FC7B4677293DC71000618EA4 /* Calendar_Cell.swift in Sources */ = {isa = PBXBuildFile; fileRef = FC7B4676293DC71000618EA4 /* Calendar_Cell.swift */; };
		FC7B4679293DC83200618EA4 /* Calendar_DateCollection.swift in Sources */ = {isa = PBXBuildFile; fileRef = FC7B4678293DC83200618EA4 /* Calendar_DateCollection.swift */; };
		FC7B467B293DCAE800618EA4 /* Calendar_Base.swift in Sources */ = {isa = PBXBuildFile; fileRef = FC7B467A293DCAE800618EA4 /* Calendar_Base.swift */; };
		FC7B467D293DCB2800618EA4 /* Calendar_ToolBar.swift in Sources */ = {isa = PBXBuildFile; fileRef = FC7B467C293DCB2800618EA4 /* Calendar_ToolBar.swift */; };
		FC7B467F293DCBB800618EA4 /* Calendar_WeekBar.swift in Sources */ = {isa = PBXBuildFile; fileRef = FC7B467E293DCBB800618EA4 /* Calendar_WeekBar.swift */; };
/* End PBXBuildFile section */

/* Begin PBXFileReference section */
		FC28ACFC29380B4F0048BB5D /* Todo_NewTask.swift */ = {isa = PBXFileReference; lastKnownFileType = sourcecode.swift; path = Todo_NewTask.swift; sourceTree = "<group>"; };
		FC28AD42293C1BD50048BB5D /* Todo_TaskDetailView.swift */ = {isa = PBXFileReference; lastKnownFileType = sourcecode.swift; path = Todo_TaskDetailView.swift; sourceTree = "<group>"; };
		FC7218E0293689C800EBE57A /* RemindYou.app */ = {isa = PBXFileReference; explicitFileType = wrapper.application; includeInIndex = 0; path = RemindYou.app; sourceTree = BUILT_PRODUCTS_DIR; };
		FC7218E3293689C800EBE57A /* RemindYouApp.swift */ = {isa = PBXFileReference; lastKnownFileType = sourcecode.swift; path = RemindYouApp.swift; sourceTree = "<group>"; };
		FC7218E5293689C800EBE57A /* ContentView.swift */ = {isa = PBXFileReference; lastKnownFileType = sourcecode.swift; path = ContentView.swift; sourceTree = "<group>"; };
		FC7218E7293689CA00EBE57A /* Assets.xcassets */ = {isa = PBXFileReference; lastKnownFileType = folder.assetcatalog; path = Assets.xcassets; sourceTree = "<group>"; };
		FC7218EA293689CA00EBE57A /* Preview Assets.xcassets */ = {isa = PBXFileReference; lastKnownFileType = folder.assetcatalog; path = "Preview Assets.xcassets"; sourceTree = "<group>"; };
		FC7218EC293689CA00EBE57A /* Persistence.swift */ = {isa = PBXFileReference; lastKnownFileType = sourcecode.swift; path = Persistence.swift; sourceTree = "<group>"; };
		FC7218EF293689CA00EBE57A /* RemindYou.xcdatamodel */ = {isa = PBXFileReference; lastKnownFileType = wrapper.xcdatamodel; path = RemindYou.xcdatamodel; sourceTree = "<group>"; };
		FC7218F929368BB100EBE57A /* Todo.swift */ = {isa = PBXFileReference; lastKnownFileType = sourcecode.swift; path = Todo.swift; sourceTree = "<group>"; };
		FC7218FB29368C3500EBE57A /* TabbarView.swift */ = {isa = PBXFileReference; lastKnownFileType = sourcecode.swift; path = TabbarView.swift; sourceTree = "<group>"; };
		FC7218FD29368D1C00EBE57A /* Calendar.swift */ = {isa = PBXFileReference; lastKnownFileType = sourcecode.swift; path = Calendar.swift; sourceTree = "<group>"; };
		FC7218FF29368DA100EBE57A /* LandingViewModel.swift */ = {isa = PBXFileReference; lastKnownFileType = sourcecode.swift; path = LandingViewModel.swift; sourceTree = "<group>"; };
		FC72190129368E0700EBE57A /* TaskList.swift */ = {isa = PBXFileReference; lastKnownFileType = sourcecode.swift; path = TaskList.swift; sourceTree = "<group>"; };
		FC7219032936904000EBE57A /* CategoryModel.swift */ = {isa = PBXFileReference; lastKnownFileType = sourcecode.swift; path = CategoryModel.swift; sourceTree = "<group>"; };
		FC721905293690E900EBE57A /* CoreDataManager.swift */ = {isa = PBXFileReference; lastKnownFileType = sourcecode.swift; path = CoreDataManager.swift; sourceTree = "<group>"; };
		FC7B466C293DC3C400618EA4 /* Calendar_Page.swift */ = {isa = PBXFileReference; lastKnownFileType = sourcecode.swift; path = Calendar_Page.swift; sourceTree = "<group>"; };
		FC7B466E293DC40400618EA4 /* CalendarPageViewModel.swift */ = {isa = PBXFileReference; lastKnownFileType = sourcecode.swift; path = CalendarPageViewModel.swift; sourceTree = "<group>"; };
		FC7B4671293DC47D00618EA4 /* PageManager.swift */ = {isa = PBXFileReference; lastKnownFileType = sourcecode.swift; path = PageManager.swift; sourceTree = "<group>"; };
		FC7B4674293DC69300618EA4 /* Date.swift */ = {isa = PBXFileReference; lastKnownFileType = sourcecode.swift; path = Date.swift; sourceTree = "<group>"; };
		FC7B4676293DC71000618EA4 /* Calendar_Cell.swift */ = {isa = PBXFileReference; lastKnownFileType = sourcecode.swift; path = Calendar_Cell.swift; sourceTree = "<group>"; };
		FC7B4678293DC83200618EA4 /* Calendar_DateCollection.swift */ = {isa = PBXFileReference; lastKnownFileType = sourcecode.swift; path = Calendar_DateCollection.swift; sourceTree = "<group>"; };
		FC7B467A293DCAE800618EA4 /* Calendar_Base.swift */ = {isa = PBXFileReference; lastKnownFileType = sourcecode.swift; path = Calendar_Base.swift; sourceTree = "<group>"; };
		FC7B467C293DCB2800618EA4 /* Calendar_ToolBar.swift */ = {isa = PBXFileReference; lastKnownFileType = sourcecode.swift; path = Calendar_ToolBar.swift; sourceTree = "<group>"; };
		FC7B467E293DCBB800618EA4 /* Calendar_WeekBar.swift */ = {isa = PBXFileReference; lastKnownFileType = sourcecode.swift; path = Calendar_WeekBar.swift; sourceTree = "<group>"; };
/* End PBXFileReference section */

/* Begin PBXFrameworksBuildPhase section */
		FC7218DD293689C800EBE57A /* Frameworks */ = {
			isa = PBXFrameworksBuildPhase;
			buildActionMask = 2147483647;
			files = (
			);
			runOnlyForDeploymentPostprocessing = 0;
		};
/* End PBXFrameworksBuildPhase section */

/* Begin PBXGroup section */
		FC7218D7293689C800EBE57A = {
			isa = PBXGroup;
			children = (
				FC7218E2293689C800EBE57A /* RemindYou */,
				FC7218E1293689C800EBE57A /* Products */,
			);
			sourceTree = "<group>";
		};
		FC7218E1293689C800EBE57A /* Products */ = {
			isa = PBXGroup;
			children = (
				FC7218E0293689C800EBE57A /* RemindYou.app */,
			);
			name = Products;
			sourceTree = "<group>";
		};
		FC7218E2293689C800EBE57A /* RemindYou */ = {
			isa = PBXGroup;
			children = (
				FC7218F829368B6C00EBE57A /* View */,
				FC7218F729368B5F00EBE57A /* ViewModel */,
				FC7218F629368B4C00EBE57A /* Model */,
				FC7218E3293689C800EBE57A /* RemindYouApp.swift */,
				FC721905293690E900EBE57A /* CoreDataManager.swift */,
				FC7218E5293689C800EBE57A /* ContentView.swift */,
				FC7218E7293689CA00EBE57A /* Assets.xcassets */,
				FC7218EC293689CA00EBE57A /* Persistence.swift */,
				FC7218EE293689CA00EBE57A /* RemindYou.xcdatamodeld */,
				FC7218E9293689CA00EBE57A /* Preview Content */,
			);
			path = RemindYou;
			sourceTree = "<group>";
		};
		FC7218E9293689CA00EBE57A /* Preview Content */ = {
			isa = PBXGroup;
			children = (
				FC7218EA293689CA00EBE57A /* Preview Assets.xcassets */,
			);
			path = "Preview Content";
			sourceTree = "<group>";
		};
		FC7218F629368B4C00EBE57A /* Model */ = {
			isa = PBXGroup;
			children = (
				FC7B4673293DC67B00618EA4 /* Calendar */,
				FC7B4669293D313800618EA4 /* Todo */,
			);
			path = Model;
			sourceTree = "<group>";
		};
		FC7218F729368B5F00EBE57A /* ViewModel */ = {
			isa = PBXGroup;
			children = (
				FC7B466B293D8B7700618EA4 /* Calendar */,
				FC7B466A293D8B6A00618EA4 /* Todo */,
			);
			path = ViewModel;
			sourceTree = "<group>";
		};
		FC7218F829368B6C00EBE57A /* View */ = {
			isa = PBXGroup;
			children = (
				FC7B4668293D311600618EA4 /* Calendar */,
				FC7B4667293D2F8D00618EA4 /* Todo */,
				FC7218FB29368C3500EBE57A /* TabbarView.swift */,
			);
			path = View;
			sourceTree = "<group>";
		};
		FC7B4667293D2F8D00618EA4 /* Todo */ = {
			isa = PBXGroup;
			children = (
				FC7218F929368BB100EBE57A /* Todo.swift */,
				FC28ACFC29380B4F0048BB5D /* Todo_NewTask.swift */,
				FC28AD42293C1BD50048BB5D /* Todo_TaskDetailView.swift */,
			);
			path = Todo;
			sourceTree = "<group>";
		};
		FC7B4668293D311600618EA4 /* Calendar */ = {
			isa = PBXGroup;
			children = (
				FC7218FD29368D1C00EBE57A /* Calendar.swift */,
				FC7B466C293DC3C400618EA4 /* Calendar_Page.swift */,
				FC7B4676293DC71000618EA4 /* Calendar_Cell.swift */,
				FC7B4678293DC83200618EA4 /* Calendar_DateCollection.swift */,
				FC7B467A293DCAE800618EA4 /* Calendar_Base.swift */,
				FC7B467C293DCB2800618EA4 /* Calendar_ToolBar.swift */,
				FC7B467E293DCBB800618EA4 /* Calendar_WeekBar.swift */,
			);
			path = Calendar;
			sourceTree = "<group>";
		};
		FC7B4669293D313800618EA4 /* Todo */ = {
			isa = PBXGroup;
			children = (
				FC72190129368E0700EBE57A /* TaskList.swift */,
				FC7219032936904000EBE57A /* CategoryModel.swift */,
			);
			path = Todo;
			sourceTree = "<group>";
		};
		FC7B466A293D8B6A00618EA4 /* Todo */ = {
			isa = PBXGroup;
			children = (
				FC7218FF29368DA100EBE57A /* LandingViewModel.swift */,
			);
			path = Todo;
			sourceTree = "<group>";
		};
		FC7B466B293D8B7700618EA4 /* Calendar */ = {
			isa = PBXGroup;
			children = (
				FC7B466E293DC40400618EA4 /* CalendarPageViewModel.swift */,
				FC7B4671293DC47D00618EA4 /* PageManager.swift */,
			);
			path = Calendar;
			sourceTree = "<group>";
		};
		FC7B4673293DC67B00618EA4 /* Calendar */ = {
			isa = PBXGroup;
			children = (
				FC7B4674293DC69300618EA4 /* Date.swift */,
			);
			path = Calendar;
			sourceTree = "<group>";
		};
/* End PBXGroup section */

/* Begin PBXNativeTarget section */
		FC7218DF293689C800EBE57A /* RemindYou */ = {
			isa = PBXNativeTarget;
			buildConfigurationList = FC7218F3293689CA00EBE57A /* Build configuration list for PBXNativeTarget "RemindYou" */;
			buildPhases = (
				FC7218DC293689C800EBE57A /* Sources */,
				FC7218DD293689C800EBE57A /* Frameworks */,
				FC7218DE293689C800EBE57A /* Resources */,
			);
			buildRules = (
			);
			dependencies = (
			);
			name = RemindYou;
			productName = RemindYou;
			productReference = FC7218E0293689C800EBE57A /* RemindYou.app */;
			productType = "com.apple.product-type.application";
		};
/* End PBXNativeTarget section */

/* Begin PBXProject section */
		FC7218D8293689C800EBE57A /* Project object */ = {
			isa = PBXProject;
			attributes = {
				BuildIndependentTargetsInParallel = 1;
				LastSwiftUpdateCheck = 1410;
				LastUpgradeCheck = 1410;
				TargetAttributes = {
					FC7218DF293689C800EBE57A = {
						CreatedOnToolsVersion = 14.1;
					};
				};
			};
			buildConfigurationList = FC7218DB293689C800EBE57A /* Build configuration list for PBXProject "RemindYou" */;
			compatibilityVersion = "Xcode 14.0";
			developmentRegion = en;
			hasScannedForEncodings = 0;
			knownRegions = (
				en,
				Base,
			);
			mainGroup = FC7218D7293689C800EBE57A;
			productRefGroup = FC7218E1293689C800EBE57A /* Products */;
			projectDirPath = "";
			projectRoot = "";
			targets = (
				FC7218DF293689C800EBE57A /* RemindYou */,
			);
		};
/* End PBXProject section */

/* Begin PBXResourcesBuildPhase section */
		FC7218DE293689C800EBE57A /* Resources */ = {
			isa = PBXResourcesBuildPhase;
			buildActionMask = 2147483647;
			files = (
				FC7218EB293689CA00EBE57A /* Preview Assets.xcassets in Resources */,
				FC7218E8293689CA00EBE57A /* Assets.xcassets in Resources */,
			);
			runOnlyForDeploymentPostprocessing = 0;
		};
/* End PBXResourcesBuildPhase section */

/* Begin PBXSourcesBuildPhase section */
		FC7218DC293689C800EBE57A /* Sources */ = {
			isa = PBXSourcesBuildPhase;
			buildActionMask = 2147483647;
			files = (
				FC7218FC29368C3500EBE57A /* TabbarView.swift in Sources */,
				FC7B467D293DCB2800618EA4 /* Calendar_ToolBar.swift in Sources */,
				FC7B4677293DC71000618EA4 /* Calendar_Cell.swift in Sources */,
				FC7B467F293DCBB800618EA4 /* Calendar_WeekBar.swift in Sources */,
				FC7218ED293689CA00EBE57A /* Persistence.swift in Sources */,
				FC72190029368DA100EBE57A /* LandingViewModel.swift in Sources */,
				FC28AD43293C1BD50048BB5D /* Todo_TaskDetailView.swift in Sources */,
				FC7B4672293DC47D00618EA4 /* PageManager.swift in Sources */,
				FC7B467B293DCAE800618EA4 /* Calendar_Base.swift in Sources */,
				FC7219042936904000EBE57A /* CategoryModel.swift in Sources */,
				FC7B4675293DC69300618EA4 /* Date.swift in Sources */,
				FC72190229368E0700EBE57A /* TaskList.swift in Sources */,
				FC7B466D293DC3C400618EA4 /* Calendar_Page.swift in Sources */,
				FC7218E6293689C800EBE57A /* ContentView.swift in Sources */,
				FC7B466F293DC40400618EA4 /* CalendarPageViewModel.swift in Sources */,
				FC7218F0293689CA00EBE57A /* RemindYou.xcdatamodeld in Sources */,
				FC28ACFD29380B4F0048BB5D /* Todo_NewTask.swift in Sources */,
				FC7218E4293689C800EBE57A /* RemindYouApp.swift in Sources */,
				FC7B4679293DC83200618EA4 /* Calendar_DateCollection.swift in Sources */,
				FC7218FA29368BB100EBE57A /* Todo.swift in Sources */,
				FC7218FE29368D1C00EBE57A /* Calendar.swift in Sources */,
				FC721906293690E900EBE57A /* CoreDataManager.swift in Sources */,
			);
			runOnlyForDeploymentPostprocessing = 0;
		};
/* End PBXSourcesBuildPhase section */

/* Begin XCBuildConfiguration section */
		FC7218F1293689CA00EBE57A /* Debug */ = {
			isa = XCBuildConfiguration;
			buildSettings = {
				ALWAYS_SEARCH_USER_PATHS = NO;
				CLANG_ANALYZER_NONNULL = YES;
				CLANG_ANALYZER_NUMBER_OBJECT_CONVERSION = YES_AGGRESSIVE;
				CLANG_CXX_LANGUAGE_STANDARD = "gnu++20";
				CLANG_ENABLE_MODULES = YES;
				CLANG_ENABLE_OBJC_ARC = YES;
				CLANG_ENABLE_OBJC_WEAK = YES;
				CLANG_WARN_BLOCK_CAPTURE_AUTORELEASING = YES;
				CLANG_WARN_BOOL_CONVERSION = YES;
				CLANG_WARN_COMMA = YES;
				CLANG_WARN_CONSTANT_CONVERSION = YES;
				CLANG_WARN_DEPRECATED_OBJC_IMPLEMENTATIONS = YES;
				CLANG_WARN_DIRECT_OBJC_ISA_USAGE = YES_ERROR;
				CLANG_WARN_DOCUMENTATION_COMMENTS = YES;
				CLANG_WARN_EMPTY_BODY = YES;
				CLANG_WARN_ENUM_CONVERSION = YES;
				CLANG_WARN_INFINITE_RECURSION = YES;
				CLANG_WARN_INT_CONVERSION = YES;
				CLANG_WARN_NON_LITERAL_NULL_CONVERSION = YES;
				CLANG_WARN_OBJC_IMPLICIT_RETAIN_SELF = YES;
				CLANG_WARN_OBJC_LITERAL_CONVERSION = YES;
				CLANG_WARN_OBJC_ROOT_CLASS = YES_ERROR;
				CLANG_WARN_QUOTED_INCLUDE_IN_FRAMEWORK_HEADER = YES;
				CLANG_WARN_RANGE_LOOP_ANALYSIS = YES;
				CLANG_WARN_STRICT_PROTOTYPES = YES;
				CLANG_WARN_SUSPICIOUS_MOVE = YES;
				CLANG_WARN_UNGUARDED_AVAILABILITY = YES_AGGRESSIVE;
				CLANG_WARN_UNREACHABLE_CODE = YES;
				CLANG_WARN__DUPLICATE_METHOD_MATCH = YES;
				COPY_PHASE_STRIP = NO;
				DEBUG_INFORMATION_FORMAT = dwarf;
				ENABLE_STRICT_OBJC_MSGSEND = YES;
				ENABLE_TESTABILITY = YES;
				GCC_C_LANGUAGE_STANDARD = gnu11;
				GCC_DYNAMIC_NO_PIC = NO;
				GCC_NO_COMMON_BLOCKS = YES;
				GCC_OPTIMIZATION_LEVEL = 0;
				GCC_PREPROCESSOR_DEFINITIONS = (
					"DEBUG=1",
					"$(inherited)",
				);
				GCC_WARN_64_TO_32_BIT_CONVERSION = YES;
				GCC_WARN_ABOUT_RETURN_TYPE = YES_ERROR;
				GCC_WARN_UNDECLARED_SELECTOR = YES;
				GCC_WARN_UNINITIALIZED_AUTOS = YES_AGGRESSIVE;
				GCC_WARN_UNUSED_FUNCTION = YES;
				GCC_WARN_UNUSED_VARIABLE = YES;
				IPHONEOS_DEPLOYMENT_TARGET = 16.1;
				MTL_ENABLE_DEBUG_INFO = INCLUDE_SOURCE;
				MTL_FAST_MATH = YES;
				ONLY_ACTIVE_ARCH = YES;
				SDKROOT = iphoneos;
				SWIFT_ACTIVE_COMPILATION_CONDITIONS = DEBUG;
				SWIFT_OPTIMIZATION_LEVEL = "-Onone";
			};
			name = Debug;
		};
		FC7218F2293689CA00EBE57A /* Release */ = {
			isa = XCBuildConfiguration;
			buildSettings = {
				ALWAYS_SEARCH_USER_PATHS = NO;
				CLANG_ANALYZER_NONNULL = YES;
				CLANG_ANALYZER_NUMBER_OBJECT_CONVERSION = YES_AGGRESSIVE;
				CLANG_CXX_LANGUAGE_STANDARD = "gnu++20";
				CLANG_ENABLE_MODULES = YES;
				CLANG_ENABLE_OBJC_ARC = YES;
				CLANG_ENABLE_OBJC_WEAK = YES;
				CLANG_WARN_BLOCK_CAPTURE_AUTORELEASING = YES;
				CLANG_WARN_BOOL_CONVERSION = YES;
				CLANG_WARN_COMMA = YES;
				CLANG_WARN_CONSTANT_CONVERSION = YES;
				CLANG_WARN_DEPRECATED_OBJC_IMPLEMENTATIONS = YES;
				CLANG_WARN_DIRECT_OBJC_ISA_USAGE = YES_ERROR;
				CLANG_WARN_DOCUMENTATION_COMMENTS = YES;
				CLANG_WARN_EMPTY_BODY = YES;
				CLANG_WARN_ENUM_CONVERSION = YES;
				CLANG_WARN_INFINITE_RECURSION = YES;
				CLANG_WARN_INT_CONVERSION = YES;
				CLANG_WARN_NON_LITERAL_NULL_CONVERSION = YES;
				CLANG_WARN_OBJC_IMPLICIT_RETAIN_SELF = YES;
				CLANG_WARN_OBJC_LITERAL_CONVERSION = YES;
				CLANG_WARN_OBJC_ROOT_CLASS = YES_ERROR;
				CLANG_WARN_QUOTED_INCLUDE_IN_FRAMEWORK_HEADER = YES;
				CLANG_WARN_RANGE_LOOP_ANALYSIS = YES;
				CLANG_WARN_STRICT_PROTOTYPES = YES;
				CLANG_WARN_SUSPICIOUS_MOVE = YES;
				CLANG_WARN_UNGUARDED_AVAILABILITY = YES_AGGRESSIVE;
				CLANG_WARN_UNREACHABLE_CODE = YES;
				CLANG_WARN__DUPLICATE_METHOD_MATCH = YES;
				COPY_PHASE_STRIP = NO;
				DEBUG_INFORMATION_FORMAT = "dwarf-with-dsym";
				ENABLE_NS_ASSERTIONS = NO;
				ENABLE_STRICT_OBJC_MSGSEND = YES;
				GCC_C_LANGUAGE_STANDARD = gnu11;
				GCC_NO_COMMON_BLOCKS = YES;
				GCC_WARN_64_TO_32_BIT_CONVERSION = YES;
				GCC_WARN_ABOUT_RETURN_TYPE = YES_ERROR;
				GCC_WARN_UNDECLARED_SELECTOR = YES;
				GCC_WARN_UNINITIALIZED_AUTOS = YES_AGGRESSIVE;
				GCC_WARN_UNUSED_FUNCTION = YES;
				GCC_WARN_UNUSED_VARIABLE = YES;
				IPHONEOS_DEPLOYMENT_TARGET = 16.1;
				MTL_ENABLE_DEBUG_INFO = NO;
				MTL_FAST_MATH = YES;
				SDKROOT = iphoneos;
				SWIFT_COMPILATION_MODE = wholemodule;
				SWIFT_OPTIMIZATION_LEVEL = "-O";
				VALIDATE_PRODUCT = YES;
			};
			name = Release;
		};
		FC7218F4293689CA00EBE57A /* Debug */ = {
			isa = XCBuildConfiguration;
			buildSettings = {
				ASSETCATALOG_COMPILER_APPICON_NAME = AppIcon;
				ASSETCATALOG_COMPILER_GLOBAL_ACCENT_COLOR_NAME = AccentColor;
				CODE_SIGN_STYLE = Automatic;
				CURRENT_PROJECT_VERSION = 1;
				DEVELOPMENT_ASSET_PATHS = "\"RemindYou/Preview Content\"";
				ENABLE_PREVIEWS = YES;
				GENERATE_INFOPLIST_FILE = YES;
				INFOPLIST_KEY_UIApplicationSceneManifest_Generation = YES;
				INFOPLIST_KEY_UIApplicationSupportsIndirectInputEvents = YES;
				INFOPLIST_KEY_UILaunchScreen_Generation = YES;
				INFOPLIST_KEY_UISupportedInterfaceOrientations_iPad = "UIInterfaceOrientationPortrait UIInterfaceOrientationPortraitUpsideDown UIInterfaceOrientationLandscapeLeft UIInterfaceOrientationLandscapeRight";
				INFOPLIST_KEY_UISupportedInterfaceOrientations_iPhone = "UIInterfaceOrientationPortrait UIInterfaceOrientationLandscapeLeft UIInterfaceOrientationLandscapeRight";
				LD_RUNPATH_SEARCH_PATHS = (
					"$(inherited)",
					"@executable_path/Frameworks",
				);
				MARKETING_VERSION = 1.0;
				PRODUCT_BUNDLE_IDENTIFIER = dylanngo.RemindYou;
				PRODUCT_NAME = "$(TARGET_NAME)";
				SWIFT_EMIT_LOC_STRINGS = YES;
				SWIFT_VERSION = 5.0;
				TARGETED_DEVICE_FAMILY = "1,2";
			};
			name = Debug;
		};
		FC7218F5293689CA00EBE57A /* Release */ = {
			isa = XCBuildConfiguration;
			buildSettings = {
				ASSETCATALOG_COMPILER_APPICON_NAME = AppIcon;
				ASSETCATALOG_COMPILER_GLOBAL_ACCENT_COLOR_NAME = AccentColor;
				CODE_SIGN_STYLE = Automatic;
				CURRENT_PROJECT_VERSION = 1;
				DEVELOPMENT_ASSET_PATHS = "\"RemindYou/Preview Content\"";
				ENABLE_PREVIEWS = YES;
				GENERATE_INFOPLIST_FILE = YES;
				INFOPLIST_KEY_UIApplicationSceneManifest_Generation = YES;
				INFOPLIST_KEY_UIApplicationSupportsIndirectInputEvents = YES;
				INFOPLIST_KEY_UILaunchScreen_Generation = YES;
				INFOPLIST_KEY_UISupportedInterfaceOrientations_iPad = "UIInterfaceOrientationPortrait UIInterfaceOrientationPortraitUpsideDown UIInterfaceOrientationLandscapeLeft UIInterfaceOrientationLandscapeRight";
				INFOPLIST_KEY_UISupportedInterfaceOrientations_iPhone = "UIInterfaceOrientationPortrait UIInterfaceOrientationLandscapeLeft UIInterfaceOrientationLandscapeRight";
				LD_RUNPATH_SEARCH_PATHS = (
					"$(inherited)",
					"@executable_path/Frameworks",
				);
				MARKETING_VERSION = 1.0;
				PRODUCT_BUNDLE_IDENTIFIER = dylanngo.RemindYou;
				PRODUCT_NAME = "$(TARGET_NAME)";
				SWIFT_EMIT_LOC_STRINGS = YES;
				SWIFT_VERSION = 5.0;
				TARGETED_DEVICE_FAMILY = "1,2";
			};
			name = Release;
		};
/* End XCBuildConfiguration section */

/* Begin XCConfigurationList section */
		FC7218DB293689C800EBE57A /* Build configuration list for PBXProject "RemindYou" */ = {
			isa = XCConfigurationList;
			buildConfigurations = (
				FC7218F1293689CA00EBE57A /* Debug */,
				FC7218F2293689CA00EBE57A /* Release */,
			);
			defaultConfigurationIsVisible = 0;
			defaultConfigurationName = Release;
		};
		FC7218F3293689CA00EBE57A /* Build configuration list for PBXNativeTarget "RemindYou" */ = {
			isa = XCConfigurationList;
			buildConfigurations = (
				FC7218F4293689CA00EBE57A /* Debug */,
				FC7218F5293689CA00EBE57A /* Release */,
			);
			defaultConfigurationIsVisible = 0;
			defaultConfigurationName = Release;
		};
/* End XCConfigurationList section */

/* Begin XCVersionGroup section */
		FC7218EE293689CA00EBE57A /* RemindYou.xcdatamodeld */ = {
			isa = XCVersionGroup;
			children = (
				FC7218EF293689CA00EBE57A /* RemindYou.xcdatamodel */,
			);
			currentVersion = FC7218EF293689CA00EBE57A /* RemindYou.xcdatamodel */;
			path = RemindYou.xcdatamodeld;
			sourceTree = "<group>";
			versionGroupType = wrapper.xcdatamodel;
		};
/* End XCVersionGroup section */
	};
	rootObject = FC7218D8293689C800EBE57A /* Project object */;
}
